
Microsoft Visual Studio Solution File, Format Version 12.00
# Visual Studio 15
VisualStudioVersion = 15.0.28307.438
MinimumVisualStudioVersion = 10.0.40219.1
Project("{FAE04EC0-301F-11D3-BF4B-00C04F79EFBC}") = "AutoGameImageSearch", "AutoGameImageSearch\AutoGameImageSearch.csproj", "{447AD937-3C77-498C-AD0A-AEC554931378}"
EndProject
Global
	GlobalSection(SolutionConfigurationPlatforms) = preSolution
		Debug|Any CPU = Debug|Any CPU
		Release|Any CPU = Release|Any CPU
	EndGlobalSection
	GlobalSection(ProjectConfigurationPlatforms) = postSolution
		{447AD937-3C77-498C-AD0A-AEC554931378}.Debug|Any CPU.ActiveCfg = Debug|Any CPU
		{447AD937-3C77-498C-AD0A-AEC554931378}.Debug|Any CPU.Build.0 = Debug|Any CPU
		{447AD937-3C77-498C-AD0A-AEC554931378}.Release|Any CPU.ActiveCfg = Release|Any CPU
		{447AD937-3C77-498C-AD0A-AEC554931378}.Release|Any CPU.Build.0 = Release|Any CPU
	EndGlobalSection
	GlobalSection(SolutionProperties) = preSolution
		HideSolutionNode = FALSE
	EndGlobalSection
	GlobalSection(ExtensibilityGlobals) = postSolution
		SolutionGuid = {EDA53F12-B557-4DB5-8ACE-588CE45DC8AE}
	EndGlobalSection
EndGlobal
